// !$*UTF8*$!
{
	archiveVersion = 1;
	classes = {
	};
	objectVersion = 55;
	objects = {

/* Begin PBXBuildFile section */
		DC83F03627768FA7005C449E /* ListApp.swift in Sources */ = {isa = PBXBuildFile; fileRef = DC83F03527768FA7005C449E /* ListApp.swift */; };
		DC83F03827768FA7005C449E /* ContentView.swift in Sources */ = {isa = PBXBuildFile; fileRef = DC83F03727768FA7005C449E /* ContentView.swift */; };
		DC83F03A27768FA9005C449E /* Assets.xcassets in Resources */ = {isa = PBXBuildFile; fileRef = DC83F03927768FA9005C449E /* Assets.xcassets */; };
		DC83F03D27768FA9005C449E /* Preview Assets.xcassets in Resources */ = {isa = PBXBuildFile; fileRef = DC83F03C27768FA9005C449E /* Preview Assets.xcassets */; };
		DC83F03F27768FA9005C449E /* Persistence.swift in Sources */ = {isa = PBXBuildFile; fileRef = DC83F03E27768FA9005C449E /* Persistence.swift */; };
		DC83F04227768FA9005C449E /* List.xcdatamodeld in Sources */ = {isa = PBXBuildFile; fileRef = DC83F04027768FA9005C449E /* List.xcdatamodeld */; };
		DC83F04C27768FA9005C449E /* ListTests.swift in Sources */ = {isa = PBXBuildFile; fileRef = DC83F04B27768FA9005C449E /* ListTests.swift */; };
		DC83F05627768FA9005C449E /* ListUITests.swift in Sources */ = {isa = PBXBuildFile; fileRef = DC83F05527768FA9005C449E /* ListUITests.swift */; };
		DC83F05827768FA9005C449E /* ListUITestsLaunchTests.swift in Sources */ = {isa = PBXBuildFile; fileRef = DC83F05727768FA9005C449E /* ListUITestsLaunchTests.swift */; };
		DC83F06527769C4A005C449E /* ddd.swift in Sources */ = {isa = PBXBuildFile; fileRef = DC83F06427769C4A005C449E /* ddd.swift */; };
		DCAAD2822778043F00A03A62 /* back.jpg in Resources */ = {isa = PBXBuildFile; fileRef = DCAAD2812778043F00A03A62 /* back.jpg */; };
		DCAAD2842779282900A03A62 /* View.xib in Resources */ = {isa = PBXBuildFile; fileRef = DCAAD2832779282900A03A62 /* View.xib */; };
/* End PBXBuildFile section */

/* Begin PBXContainerItemProxy section */
		DC83F04827768FA9005C449E /* PBXContainerItemProxy */ = {
			isa = PBXContainerItemProxy;
			containerPortal = DC83F02A27768FA7005C449E /* Project object */;
			proxyType = 1;
			remoteGlobalIDString = DC83F03127768FA7005C449E;
			remoteInfo = List;
		};
		DC83F05227768FA9005C449E /* PBXContainerItemProxy */ = {
			isa = PBXContainerItemProxy;
			containerPortal = DC83F02A27768FA7005C449E /* Project object */;
			proxyType = 1;
			remoteGlobalIDString = DC83F03127768FA7005C449E;
			remoteInfo = List;
		};
/* End PBXContainerItemProxy section */

/* Begin PBXFileReference section */
		DC83F03227768FA7005C449E /* List.app */ = {isa = PBXFileReference; explicitFileType = wrapper.application; includeInIndex = 0; path = List.app; sourceTree = BUILT_PRODUCTS_DIR; };
		DC83F03527768FA7005C449E /* ListApp.swift */ = {isa = PBXFileReference; lastKnownFileType = sourcecode.swift; path = ListApp.swift; sourceTree = "<group>"; };
		DC83F03727768FA7005C449E /* ContentView.swift */ = {isa = PBXFileReference; lastKnownFileType = sourcecode.swift; path = ContentView.swift; sourceTree = "<group>"; };
		DC83F03927768FA9005C449E /* Assets.xcassets */ = {isa = PBXFileReference; lastKnownFileType = folder.assetcatalog; path = Assets.xcassets; sourceTree = "<group>"; };
		DC83F03C27768FA9005C449E /* Preview Assets.xcassets */ = {isa = PBXFileReference; lastKnownFileType = folder.assetcatalog; path = "Preview Assets.xcassets"; sourceTree = "<group>"; };
		DC83F03E27768FA9005C449E /* Persistence.swift */ = {isa = PBXFileReference; lastKnownFileType = sourcecode.swift; path = Persistence.swift; sourceTree = "<group>"; };
		DC83F04127768FA9005C449E /* List.xcdatamodel */ = {isa = PBXFileReference; lastKnownFileType = wrapper.xcdatamodel; path = List.xcdatamodel; sourceTree = "<group>"; };
		DC83F04727768FA9005C449E /* ListTests.xctest */ = {isa = PBXFileReference; explicitFileType = wrapper.cfbundle; includeInIndex = 0; path = ListTests.xctest; sourceTree = BUILT_PRODUCTS_DIR; };
		DC83F04B27768FA9005C449E /* ListTests.swift */ = {isa = PBXFileReference; lastKnownFileType = sourcecode.swift; path = ListTests.swift; sourceTree = "<group>"; };
		DC83F05127768FA9005C449E /* ListUITests.xctest */ = {isa = PBXFileReference; explicitFileType = wrapper.cfbundle; includeInIndex = 0; path = ListUITests.xctest; sourceTree = BUILT_PRODUCTS_DIR; };
		DC83F05527768FA9005C449E /* ListUITests.swift */ = {isa = PBXFileReference; lastKnownFileType = sourcecode.swift; path = ListUITests.swift; sourceTree = "<group>"; };
		DC83F05727768FA9005C449E /* ListUITestsLaunchTests.swift */ = {isa = PBXFileReference; lastKnownFileType = sourcecode.swift; path = ListUITestsLaunchTests.swift; sourceTree = "<group>"; };
		DC83F06427769C4A005C449E /* ddd.swift */ = {isa = PBXFileReference; lastKnownFileType = sourcecode.swift; path = ddd.swift; sourceTree = "<group>"; };
		DCAAD2812778043F00A03A62 /* back.jpg */ = {isa = PBXFileReference; lastKnownFileType = image.jpeg; path = back.jpg; sourceTree = "<group>"; };
		DCAAD2832779282900A03A62 /* View.xib */ = {isa = PBXFileReference; lastKnownFileType = file.xib; path = View.xib; sourceTree = "<group>"; };
/* End PBXFileReference section */

/* Begin PBXFrameworksBuildPhase section */
		DC83F02F27768FA7005C449E /* Frameworks */ = {
			isa = PBXFrameworksBuildPhase;
			buildActionMask = 2147483647;
			files = (
			);
			runOnlyForDeploymentPostprocessing = 0;
		};
		DC83F04427768FA9005C449E /* Frameworks */ = {
			isa = PBXFrameworksBuildPhase;
			buildActionMask = 2147483647;
			files = (
			);
			runOnlyForDeploymentPostprocessing = 0;
		};
		DC83F04E27768FA9005C449E /* Frameworks */ = {
			isa = PBXFrameworksBuildPhase;
			buildActionMask = 2147483647;
			files = (
			);
			runOnlyForDeploymentPostprocessing = 0;
		};
/* End PBXFrameworksBuildPhase section */

/* Begin PBXGroup section */
		DC83F02927768FA7005C449E = {
			isa = PBXGroup;
			children = (
				DC83F03427768FA7005C449E /* List */,
				DC83F04A27768FA9005C449E /* ListTests */,
				DC83F05427768FA9005C449E /* ListUITests */,
				DC83F03327768FA7005C449E /* Products */,
			);
			sourceTree = "<group>";
		};
		DC83F03327768FA7005C449E /* Products */ = {
			isa = PBXGroup;
			children = (
				DC83F03227768FA7005C449E /* List.app */,
				DC83F04727768FA9005C449E /* ListTests.xctest */,
				DC83F05127768FA9005C449E /* ListUITests.xctest */,
			);
			name = Products;
			sourceTree = "<group>";
		};
		DC83F03427768FA7005C449E /* List */ = {
			isa = PBXGroup;
			children = (
				DC83F03527768FA7005C449E /* ListApp.swift */,
				DC83F03727768FA7005C449E /* ContentView.swift */,
				DCAAD2832779282900A03A62 /* View.xib */,
				DC83F06427769C4A005C449E /* ddd.swift */,
				DC83F03927768FA9005C449E /* Assets.xcassets */,
				DCAAD2812778043F00A03A62 /* back.jpg */,
				DC83F03E27768FA9005C449E /* Persistence.swift */,
				DC83F04027768FA9005C449E /* List.xcdatamodeld */,
				DC83F03B27768FA9005C449E /* Preview Content */,
			);
			path = List;
			sourceTree = "<group>";
		};
		DC83F03B27768FA9005C449E /* Preview Content */ = {
			isa = PBXGroup;
			children = (
				DC83F03C27768FA9005C449E /* Preview Assets.xcassets */,
			);
			path = "Preview Content";
			sourceTree = "<group>";
		};
		DC83F04A27768FA9005C449E /* ListTests */ = {
			isa = PBXGroup;
			children = (
				DC83F04B27768FA9005C449E /* ListTests.swift */,
			);
			path = ListTests;
			sourceTree = "<group>";
		};
		DC83F05427768FA9005C449E /* ListUITests */ = {
			isa = PBXGroup;
			children = (
				DC83F05527768FA9005C449E /* ListUITests.swift */,
				DC83F05727768FA9005C449E /* ListUITestsLaunchTests.swift */,
			);
			path = ListUITests;
			sourceTree = "<group>";
		};
/* End PBXGroup section */

/* Begin PBXNativeTarget section */
		DC83F03127768FA7005C449E /* List */ = {
			isa = PBXNativeTarget;
			buildConfigurationList = DC83F05B27768FA9005C449E /* Build configuration list for PBXNativeTarget "List" */;
			buildPhases = (
				DC83F02E27768FA7005C449E /* Sources */,
				DC83F02F27768FA7005C449E /* Frameworks */,
				DC83F03027768FA7005C449E /* Resources */,
			);
			buildRules = (
			);
			dependencies = (
			);
			name = List;
			productName = List;
			productReference = DC83F03227768FA7005C449E /* List.app */;
			productType = "com.apple.product-type.application";
		};
		DC83F04627768FA9005C449E /* ListTests */ = {
			isa = PBXNativeTarget;
			buildConfigurationList = DC83F05E27768FA9005C449E /* Build configuration list for PBXNativeTarget "ListTests" */;
			buildPhases = (
				DC83F04327768FA9005C449E /* Sources */,
				DC83F04427768FA9005C449E /* Frameworks */,
				DC83F04527768FA9005C449E /* Resources */,
			);
			buildRules = (
			);
			dependencies = (
				DC83F04927768FA9005C449E /* PBXTargetDependency */,
			);
			name = ListTests;
			productName = ListTests;
			productReference = DC83F04727768FA9005C449E /* ListTests.xctest */;
			productType = "com.apple.product-type.bundle.unit-test";
		};
		DC83F05027768FA9005C449E /* ListUITests */ = {
			isa = PBXNativeTarget;
			buildConfigurationList = DC83F06127768FA9005C449E /* Build configuration list for PBXNativeTarget "ListUITests" */;
			buildPhases = (
				DC83F04D27768FA9005C449E /* Sources */,
				DC83F04E27768FA9005C449E /* Frameworks */,
				DC83F04F27768FA9005C449E /* Resources */,
			);
			buildRules = (
			);
			dependencies = (
				DC83F05327768FA9005C449E /* PBXTargetDependency */,
			);
			name = ListUITests;
			productName = ListUITests;
			productReference = DC83F05127768FA9005C449E /* ListUITests.xctest */;
			productType = "com.apple.product-type.bundle.ui-testing";
		};
/* End PBXNativeTarget section */

/* Begin PBXProject section */
		DC83F02A27768FA7005C449E /* Project object */ = {
			isa = PBXProject;
			attributes = {
				BuildIndependentTargetsInParallel = 1;
				LastSwiftUpdateCheck = 1310;
				LastUpgradeCheck = 1310;
				TargetAttributes = {
					DC83F03127768FA7005C449E = {
						CreatedOnToolsVersion = 13.1;
					};
					DC83F04627768FA9005C449E = {
						CreatedOnToolsVersion = 13.1;
						TestTargetID = DC83F03127768FA7005C449E;
					};
					DC83F05027768FA9005C449E = {
						CreatedOnToolsVersion = 13.1;
						TestTargetID = DC83F03127768FA7005C449E;
					};
				};
			};
			buildConfigurationList = DC83F02D27768FA7005C449E /* Build configuration list for PBXProject "List" */;
			compatibilityVersion = "Xcode 13.0";
			developmentRegion = en;
			hasScannedForEncodings = 0;
			knownRegions = (
				en,
				Base,
			);
			mainGroup = DC83F02927768FA7005C449E;
			productRefGroup = DC83F03327768FA7005C449E /* Products */;
			projectDirPath = "";
			projectRoot = "";
			targets = (
				DC83F03127768FA7005C449E /* List */,
				DC83F04627768FA9005C449E /* ListTests */,
				DC83F05027768FA9005C449E /* ListUITests */,
			);
		};
/* End PBXProject section */

/* Begin PBXResourcesBuildPhase section */
		DC83F03027768FA7005C449E /* Resources */ = {
			isa = PBXResourcesBuildPhase;
			buildActionMask = 2147483647;
			files = (
				DCAAD2842779282900A03A62 /* View.xib in Resources */,
				DC83F03D27768FA9005C449E /* Preview Assets.xcassets in Resources */,
				DCAAD2822778043F00A03A62 /* back.jpg in Resources */,
				DC83F03A27768FA9005C449E /* Assets.xcassets in Resources */,
			);
			runOnlyForDeploymentPostprocessing = 0;
		};
		DC83F04527768FA9005C449E /* Resources */ = {
			isa = PBXResourcesBuildPhase;
			buildActionMask = 2147483647;
			files = (
			);
			runOnlyForDeploymentPostprocessing = 0;
		};
		DC83F04F27768FA9005C449E /* Resources */ = {
			isa = PBXResourcesBuildPhase;
			buildActionMask = 2147483647;
			files = (
			);
			runOnlyForDeploymentPostprocessing = 0;
		};
/* End PBXResourcesBuildPhase section */

/* Begin PBXSourcesBuildPhase section */
		DC83F02E27768FA7005C449E /* Sources */ = {
			isa = PBXSourcesBuildPhase;
			buildActionMask = 2147483647;
			files = (
				DC83F03F27768FA9005C449E /* Persistence.swift in Sources */,
				DC83F06527769C4A005C449E /* ddd.swift in Sources */,
				DC83F04227768FA9005C449E /* List.xcdatamodeld in Sources */,
				DC83F03827768FA7005C449E /* ContentView.swift in Sources */,
				DC83F03627768FA7005C449E /* ListApp.swift in Sources */,
			);
			runOnlyForDeploymentPostprocessing = 0;
		};
		DC83F04327768FA9005C449E /* Sources */ = {
			isa = PBXSourcesBuildPhase;
			buildActionMask = 2147483647;
			files = (
				DC83F04C27768FA9005C449E /* ListTests.swift in Sources */,
			);
			runOnlyForDeploymentPostprocessing = 0;
		};
		DC83F04D27768FA9005C449E /* Sources */ = {
			isa = PBXSourcesBuildPhase;
			buildActionMask = 2147483647;
			files = (
				DC83F05827768FA9005C449E /* ListUITestsLaunchTests.swift in Sources */,
				DC83F05627768FA9005C449E /* ListUITests.swift in Sources */,
			);
			runOnlyForDeploymentPostprocessing = 0;
		};
/* End PBXSourcesBuildPhase section */

/* Begin PBXTargetDependency section */
		DC83F04927768FA9005C449E /* PBXTargetDependency */ = {
			isa = PBXTargetDependency;
			target = DC83F03127768FA7005C449E /* List */;
			targetProxy = DC83F04827768FA9005C449E /* PBXContainerItemProxy */;
		};
		DC83F05327768FA9005C449E /* PBXTargetDependency */ = {
			isa = PBXTargetDependency;
			target = DC83F03127768FA7005C449E /* List */;
			targetProxy = DC83F05227768FA9005C449E /* PBXContainerItemProxy */;
		};
/* End PBXTargetDependency section */

/* Begin XCBuildConfiguration section */
		DC83F05927768FA9005C449E /* Debug */ = {
			isa = XCBuildConfiguration;
			buildSettings = {
				ALWAYS_SEARCH_USER_PATHS = NO;
				CLANG_ANALYZER_NONNULL = YES;
				CLANG_ANALYZER_NUMBER_OBJECT_CONVERSION = YES_AGGRESSIVE;
				CLANG_CXX_LANGUAGE_STANDARD = "gnu++17";
				CLANG_CXX_LIBRARY = "libc++";
				CLANG_ENABLE_MODULES = YES;
				CLANG_ENABLE_OBJC_ARC = YES;
				CLANG_ENABLE_OBJC_WEAK = YES;
				CLANG_WARN_BLOCK_CAPTURE_AUTORELEASING = YES;
				CLANG_WARN_BOOL_CONVERSION = YES;
				CLANG_WARN_COMMA = YES;
				CLANG_WARN_CONSTANT_CONVERSION = YES;
				CLANG_WARN_DEPRECATED_OBJC_IMPLEMENTATIONS = YES;
				CLANG_WARN_DIRECT_OBJC_ISA_USAGE = YES_ERROR;
				CLANG_WARN_DOCUMENTATION_COMMENTS = YES;
				CLANG_WARN_EMPTY_BODY = YES;
				CLANG_WARN_ENUM_CONVERSION = YES;
				CLANG_WARN_INFINITE_RECURSION = YES;
				CLANG_WARN_INT_CONVERSION = YES;
				CLANG_WARN_NON_LITERAL_NULL_CONVERSION = YES;
				CLANG_WARN_OBJC_IMPLICIT_RETAIN_SELF = YES;
				CLANG_WARN_OBJC_LITERAL_CONVERSION = YES;
				CLANG_WARN_OBJC_ROOT_CLASS = YES_ERROR;
				CLANG_WARN_QUOTED_INCLUDE_IN_FRAMEWORK_HEADER = YES;
				CLANG_WARN_RANGE_LOOP_ANALYSIS = YES;
				CLANG_WARN_STRICT_PROTOTYPES = YES;
				CLANG_WARN_SUSPICIOUS_MOVE = YES;
				CLANG_WARN_UNGUARDED_AVAILABILITY = YES_AGGRESSIVE;
				CLANG_WARN_UNREACHABLE_CODE = YES;
				CLANG_WARN__DUPLICATE_METHOD_MATCH = YES;
				COPY_PHASE_STRIP = NO;
				DEBUG_INFORMATION_FORMAT = dwarf;
				ENABLE_STRICT_OBJC_MSGSEND = YES;
				ENABLE_TESTABILITY = YES;
				GCC_C_LANGUAGE_STANDARD = gnu11;
				GCC_DYNAMIC_NO_PIC = NO;
				GCC_NO_COMMON_BLOCKS = YES;
				GCC_OPTIMIZATION_LEVEL = 0;
				GCC_PREPROCESSOR_DEFINITIONS = (
					"DEBUG=1",
					"$(inherited)",
				);
				GCC_WARN_64_TO_32_BIT_CONVERSION = YES;
				GCC_WARN_ABOUT_RETURN_TYPE = YES_ERROR;
				GCC_WARN_UNDECLARED_SELECTOR = YES;
				GCC_WARN_UNINITIALIZED_AUTOS = YES_AGGRESSIVE;
				GCC_WARN_UNUSED_FUNCTION = YES;
				GCC_WARN_UNUSED_VARIABLE = YES;
				IPHONEOS_DEPLOYMENT_TARGET = 15.0;
				MTL_ENABLE_DEBUG_INFO = INCLUDE_SOURCE;
				MTL_FAST_MATH = YES;
				ONLY_ACTIVE_ARCH = YES;
				SDKROOT = iphoneos;
				SWIFT_ACTIVE_COMPILATION_CONDITIONS = DEBUG;
				SWIFT_OPTIMIZATION_LEVEL = "-Onone";
			};
			name = Debug;
		};
		DC83F05A27768FA9005C449E /* Release */ = {
			isa = XCBuildConfiguration;
			buildSettings = {
				ALWAYS_SEARCH_USER_PATHS = NO;
				CLANG_ANALYZER_NONNULL = YES;
				CLANG_ANALYZER_NUMBER_OBJECT_CONVERSION = YES_AGGRESSIVE;
				CLANG_CXX_LANGUAGE_STANDARD = "gnu++17";
				CLANG_CXX_LIBRARY = "libc++";
				CLANG_ENABLE_MODULES = YES;
				CLANG_ENABLE_OBJC_ARC = YES;
				CLANG_ENABLE_OBJC_WEAK = YES;
				CLANG_WARN_BLOCK_CAPTURE_AUTORELEASING = YES;
				CLANG_WARN_BOOL_CONVERSION = YES;
				CLANG_WARN_COMMA = YES;
				CLANG_WARN_CONSTANT_CONVERSION = YES;
				CLANG_WARN_DEPRECATED_OBJC_IMPLEMENTATIONS = YES;
				CLANG_WARN_DIRECT_OBJC_ISA_USAGE = YES_ERROR;
				CLANG_WARN_DOCUMENTATION_COMMENTS = YES;
				CLANG_WARN_EMPTY_BODY = YES;
				CLANG_WARN_ENUM_CONVERSION = YES;
				CLANG_WARN_INFINITE_RECURSION = YES;
				CLANG_WARN_INT_CONVERSION = YES;
				CLANG_WARN_NON_LITERAL_NULL_CONVERSION = YES;
				CLANG_WARN_OBJC_IMPLICIT_RETAIN_SELF = YES;
				CLANG_WARN_OBJC_LITERAL_CONVERSION = YES;
				CLANG_WARN_OBJC_ROOT_CLASS = YES_ERROR;
				CLANG_WARN_QUOTED_INCLUDE_IN_FRAMEWORK_HEADER = YES;
				CLANG_WARN_RANGE_LOOP_ANALYSIS = YES;
				CLANG_WARN_STRICT_PROTOTYPES = YES;
				CLANG_WARN_SUSPICIOUS_MOVE = YES;
				CLANG_WARN_UNGUARDED_AVAILABILITY = YES_AGGRESSIVE;
				CLANG_WARN_UNREACHABLE_CODE = YES;
				CLANG_WARN__DUPLICATE_METHOD_MATCH = YES;
				COPY_PHASE_STRIP = NO;
				DEBUG_INFORMATION_FORMAT = "dwarf-with-dsym";
				ENABLE_NS_ASSERTIONS = NO;
				ENABLE_STRICT_OBJC_MSGSEND = YES;
				GCC_C_LANGUAGE_STANDARD = gnu11;
				GCC_NO_COMMON_BLOCKS = YES;
				GCC_WARN_64_TO_32_BIT_CONVERSION = YES;
				GCC_WARN_ABOUT_RETURN_TYPE = YES_ERROR;
				GCC_WARN_UNDECLARED_SELECTOR = YES;
				GCC_WARN_UNINITIALIZED_AUTOS = YES_AGGRESSIVE;
				GCC_WARN_UNUSED_FUNCTION = YES;
				GCC_WARN_UNUSED_VARIABLE = YES;
				IPHONEOS_DEPLOYMENT_TARGET = 15.0;
				MTL_ENABLE_DEBUG_INFO = NO;
				MTL_FAST_MATH = YES;
				SDKROOT = iphoneos;
				SWIFT_COMPILATION_MODE = wholemodule;
				SWIFT_OPTIMIZATION_LEVEL = "-O";
				VALIDATE_PRODUCT = YES;
			};
			name = Release;
		};
		DC83F05C27768FA9005C449E /* Debug */ = {
			isa = XCBuildConfiguration;
			buildSettings = {
				ASSETCATALOG_COMPILER_APPICON_NAME = AppIcon;
				ASSETCATALOG_COMPILER_GLOBAL_ACCENT_COLOR_NAME = AccentColor;
				CODE_SIGN_STYLE = Automatic;
				CURRENT_PROJECT_VERSION = 1;
				DEVELOPMENT_ASSET_PATHS = "\"List/Preview Content\"";
				DEVELOPMENT_TEAM = 55GA7YXM52;
				ENABLE_PREVIEWS = YES;
				GENERATE_INFOPLIST_FILE = YES;
				INFOPLIST_KEY_UIApplicationSceneManifest_Generation = YES;
				INFOPLIST_KEY_UIApplicationSupportsIndirectInputEvents = YES;
				INFOPLIST_KEY_UILaunchScreen_Generation = YES;
				INFOPLIST_KEY_UISupportedInterfaceOrientations_iPad = "UIInterfaceOrientationPortrait UIInterfaceOrientationPortraitUpsideDown UIInterfaceOrientationLandscapeLeft UIInterfaceOrientationLandscapeRight";
				INFOPLIST_KEY_UISupportedInterfaceOrientations_iPhone = "UIInterfaceOrientationPortrait UIInterfaceOrientationLandscapeLeft UIInterfaceOrientationLandscapeRight";
				LD_RUNPATH_SEARCH_PATHS = (
					"$(inherited)",
					"@executable_path/Frameworks",
				);
				MARKETING_VERSION = 1.0;
				PRODUCT_BUNDLE_IDENTIFIER = Kinder.List;
				PRODUCT_NAME = "$(TARGET_NAME)";
				SWIFT_EMIT_LOC_STRINGS = YES;
				SWIFT_VERSION = 5.0;
				TARGETED_DEVICE_FAMILY = "1,2";
			};
			name = Debug;
		};
		DC83F05D27768FA9005C449E /* Release */ = {
			isa = XCBuildConfiguration;
			buildSettings = {
				ASSETCATALOG_COMPILER_APPICON_NAME = AppIcon;
				ASSETCATALOG_COMPILER_GLOBAL_ACCENT_COLOR_NAME = AccentColor;
				CODE_SIGN_STYLE = Automatic;
				CURRENT_PROJECT_VERSION = 1;
				DEVELOPMENT_ASSET_PATHS = "\"List/Preview Content\"";
				DEVELOPMENT_TEAM = 55GA7YXM52;
				ENABLE_PREVIEWS = YES;
				GENERATE_INFOPLIST_FILE = YES;
				INFOPLIST_KEY_UIApplicationSceneManifest_Generation = YES;
				INFOPLIST_KEY_UIApplicationSupportsIndirectInputEvents = YES;
				INFOPLIST_KEY_UILaunchScreen_Generation = YES;
				INFOPLIST_KEY_UISupportedInterfaceOrientations_iPad = "UIInterfaceOrientationPortrait UIInterfaceOrientationPortraitUpsideDown UIInterfaceOrientationLandscapeLeft UIInterfaceOrientationLandscapeRight";
				INFOPLIST_KEY_UISupportedInterfaceOrientations_iPhone = "UIInterfaceOrientationPortrait UIInterfaceOrientationLandscapeLeft UIInterfaceOrientationLandscapeRight";
				LD_RUNPATH_SEARCH_PATHS = (
					"$(inherited)",
					"@executable_path/Frameworks",
				);
				MARKETING_VERSION = 1.0;
				PRODUCT_BUNDLE_IDENTIFIER = Kinder.List;
				PRODUCT_NAME = "$(TARGET_NAME)";
				SWIFT_EMIT_LOC_STRINGS = YES;
				SWIFT_VERSION = 5.0;
				TARGETED_DEVICE_FAMILY = "1,2";
			};
			name = Release;
		};
		DC83F05F27768FA9005C449E /* Debug */ = {
			isa = XCBuildConfiguration;
			buildSettings = {
				ALWAYS_EMBED_SWIFT_STANDARD_LIBRARIES = YES;
				BUNDLE_LOADER = "$(TEST_HOST)";
				CODE_SIGN_STYLE = Automatic;
				CURRENT_PROJECT_VERSION = 1;
				DEVELOPMENT_TEAM = 55GA7YXM52;
				GENERATE_INFOPLIST_FILE = YES;
				IPHONEOS_DEPLOYMENT_TARGET = 15.0;
				LD_RUNPATH_SEARCH_PATHS = (
					"$(inherited)",
					"@executable_path/Frameworks",
					"@loader_path/Frameworks",
				);
				MARKETING_VERSION = 1.0;
				PRODUCT_BUNDLE_IDENTIFIER = Kinder.ListTests;
				PRODUCT_NAME = "$(TARGET_NAME)";
				SWIFT_EMIT_LOC_STRINGS = NO;
				SWIFT_VERSION = 5.0;
				TARGETED_DEVICE_FAMILY = "1,2";
				TEST_HOST = "$(BUILT_PRODUCTS_DIR)/List.app/List";
			};
			name = Debug;
		};
		DC83F06027768FA9005C449E /* Release */ = {
			isa = XCBuildConfiguration;
			buildSettings = {
				ALWAYS_EMBED_SWIFT_STANDARD_LIBRARIES = YES;
				BUNDLE_LOADER = "$(TEST_HOST)";
				CODE_SIGN_STYLE = Automatic;
				CURRENT_PROJECT_VERSION = 1;
				DEVELOPMENT_TEAM = 55GA7YXM52;
				GENERATE_INFOPLIST_FILE = YES;
				IPHONEOS_DEPLOYMENT_TARGET = 15.0;
				LD_RUNPATH_SEARCH_PATHS = (
					"$(inherited)",
					"@executable_path/Frameworks",
					"@loader_path/Frameworks",
				);
				MARKETING_VERSION = 1.0;
				PRODUCT_BUNDLE_IDENTIFIER = Kinder.ListTests;
				PRODUCT_NAME = "$(TARGET_NAME)";
				SWIFT_EMIT_LOC_STRINGS = NO;
				SWIFT_VERSION = 5.0;
				TARGETED_DEVICE_FAMILY = "1,2";
				TEST_HOST = "$(BUILT_PRODUCTS_DIR)/List.app/List";
			};
			name = Release;
		};
		DC83F06227768FA9005C449E /* Debug */ = {
			isa = XCBuildConfiguration;
			buildSettings = {
				ALWAYS_EMBED_SWIFT_STANDARD_LIBRARIES = YES;
				CODE_SIGN_STYLE = Automatic;
				CURRENT_PROJECT_VERSION = 1;
				DEVELOPMENT_TEAM = 55GA7YXM52;
				GENERATE_INFOPLIST_FILE = YES;
				LD_RUNPATH_SEARCH_PATHS = (
					"$(inherited)",
					"@executable_path/Frameworks",
					"@loader_path/Frameworks",
				);
				MARKETING_VERSION = 1.0;
				PRODUCT_BUNDLE_IDENTIFIER = Kinder.ListUITests;
				PRODUCT_NAME = "$(TARGET_NAME)";
				SWIFT_EMIT_LOC_STRINGS = NO;
				SWIFT_VERSION = 5.0;
				TARGETED_DEVICE_FAMILY = "1,2";
				TEST_TARGET_NAME = List;
			};
			name = Debug;
		};
		DC83F06327768FA9005C449E /* Release */ = {
			isa = XCBuildConfiguration;
			buildSettings = {
				ALWAYS_EMBED_SWIFT_STANDARD_LIBRARIES = YES;
				CODE_SIGN_STYLE = Automatic;
				CURRENT_PROJECT_VERSION = 1;
				DEVELOPMENT_TEAM = 55GA7YXM52;
				GENERATE_INFOPLIST_FILE = YES;
				LD_RUNPATH_SEARCH_PATHS = (
					"$(inherited)",
					"@executable_path/Frameworks",
					"@loader_path/Frameworks",
				);
				MARKETING_VERSION = 1.0;
				PRODUCT_BUNDLE_IDENTIFIER = Kinder.ListUITests;
				PRODUCT_NAME = "$(TARGET_NAME)";
				SWIFT_EMIT_LOC_STRINGS = NO;
				SWIFT_VERSION = 5.0;
				TARGETED_DEVICE_FAMILY = "1,2";
				TEST_TARGET_NAME = List;
			};
			name = Release;
		};
/* End XCBuildConfiguration section */

/* Begin XCConfigurationList section */
		DC83F02D27768FA7005C449E /* Build configuration list for PBXProject "List" */ = {
			isa = XCConfigurationList;
			buildConfigurations = (
				DC83F05927768FA9005C449E /* Debug */,
				DC83F05A27768FA9005C449E /* Release */,
			);
			defaultConfigurationIsVisible = 0;
			defaultConfigurationName = Release;
		};
		DC83F05B27768FA9005C449E /* Build configuration list for PBXNativeTarget "List" */ = {
			isa = XCConfigurationList;
			buildConfigurations = (
				DC83F05C27768FA9005C449E /* Debug */,
				DC83F05D27768FA9005C449E /* Release */,
			);
			defaultConfigurationIsVisible = 0;
			defaultConfigurationName = Release;
		};
		DC83F05E27768FA9005C449E /* Build configuration list for PBXNativeTarget "ListTests" */ = {
			isa = XCConfigurationList;
			buildConfigurations = (
				DC83F05F27768FA9005C449E /* Debug */,
				DC83F06027768FA9005C449E /* Release */,
			);
			defaultConfigurationIsVisible = 0;
			defaultConfigurationName = Release;
		};
		DC83F06127768FA9005C449E /* Build configuration list for PBXNativeTarget "ListUITests" */ = {
			isa = XCConfigurationList;
			buildConfigurations = (
				DC83F06227768FA9005C449E /* Debug */,
				DC83F06327768FA9005C449E /* Release */,
			);
			defaultConfigurationIsVisible = 0;
			defaultConfigurationName = Release;
		};
/* End XCConfigurationList section */

/* Begin XCVersionGroup section */
		DC83F04027768FA9005C449E /* List.xcdatamodeld */ = {
			isa = XCVersionGroup;
			children = (
				DC83F04127768FA9005C449E /* List.xcdatamodel */,
			);
			currentVersion = DC83F04127768FA9005C449E /* List.xcdatamodel */;
			path = List.xcdatamodeld;
			sourceTree = "<group>";
			versionGroupType = wrapper.xcdatamodel;
		};
/* End XCVersionGroup section */
	};
	rootObject = DC83F02A27768FA7005C449E /* Project object */;
}
